// !$*UTF8*$!
{
	archiveVersion = 1;
	classes = {
	};
	objectVersion = 51;
	objects = {

/* Begin PBXBuildFile section */
		033860320143B1EE2F153968 /* Pods_PORTFOLIO.framework in Frameworks */ = {isa = PBXBuildFile; fileRef = F79BC85A8EA6CA339293D604 /* Pods_PORTFOLIO.framework */; };
		6700D1D024979D1F00ED44AB /* AppDelegate.swift in Sources */ = {isa = PBXBuildFile; fileRef = 6700D1CF24979D1F00ED44AB /* AppDelegate.swift */; };
		6700D1D924979D2500ED44AB /* Assets.xcassets in Resources */ = {isa = PBXBuildFile; fileRef = 6700D1D824979D2500ED44AB /* Assets.xcassets */; };
		6700D1DC24979D2500ED44AB /* LaunchScreen.storyboard in Resources */ = {isa = PBXBuildFile; fileRef = 6700D1DA24979D2500ED44AB /* LaunchScreen.storyboard */; };
		6700D1E72497B50000ED44AB /* ServicesLocator.swift in Sources */ = {isa = PBXBuildFile; fileRef = 6700D1E62497B50000ED44AB /* ServicesLocator.swift */; };
		6700D1EA2497B5A100ED44AB /* MainRouter.swift in Sources */ = {isa = PBXBuildFile; fileRef = 6700D1E92497B5A100ED44AB /* MainRouter.swift */; };
		6700D1F72497BC6500ED44AB /* SplashRouter.swift in Sources */ = {isa = PBXBuildFile; fileRef = 6700D1EF2497BC6500ED44AB /* SplashRouter.swift */; };
		6700D1F82497BC6500ED44AB /* SplashRepository.swift in Sources */ = {isa = PBXBuildFile; fileRef = 6700D1F12497BC6500ED44AB /* SplashRepository.swift */; };
		6700D1F92497BC6500ED44AB /* Splash.swift in Sources */ = {isa = PBXBuildFile; fileRef = 6700D1F32497BC6500ED44AB /* Splash.swift */; };
		6700D1FA2497BC6500ED44AB /* SplashVC.swift in Sources */ = {isa = PBXBuildFile; fileRef = 6700D1F52497BC6500ED44AB /* SplashVC.swift */; };
		6700D1FB2497BC6500ED44AB /* SplashPresenter.swift in Sources */ = {isa = PBXBuildFile; fileRef = 6700D1F62497BC6500ED44AB /* SplashPresenter.swift */; };
		673C5462249A46E800BDF5EB /* UIView+Extension.swift in Sources */ = {isa = PBXBuildFile; fileRef = 673C5461249A46E800BDF5EB /* UIView+Extension.swift */; };
		674E32FD2498BC5F00428BD0 /* MainScreenRouter.swift in Sources */ = {isa = PBXBuildFile; fileRef = 674E32F52498BC5E00428BD0 /* MainScreenRouter.swift */; };
		674E32FE2498BC5F00428BD0 /* MainScreenRepository.swift in Sources */ = {isa = PBXBuildFile; fileRef = 674E32F72498BC5E00428BD0 /* MainScreenRepository.swift */; };
		674E32FF2498BC5F00428BD0 /* MainScreen.swift in Sources */ = {isa = PBXBuildFile; fileRef = 674E32F92498BC5E00428BD0 /* MainScreen.swift */; };
		674E33002498BC5F00428BD0 /* MainScreenVC.swift in Sources */ = {isa = PBXBuildFile; fileRef = 674E32FB2498BC5E00428BD0 /* MainScreenVC.swift */; };
		674E33012498BC5F00428BD0 /* MainScreenPresenter.swift in Sources */ = {isa = PBXBuildFile; fileRef = 674E32FC2498BC5E00428BD0 /* MainScreenPresenter.swift */; };
		674E33072498DCB000428BD0 /* PColor.swift in Sources */ = {isa = PBXBuildFile; fileRef = 674E33062498DCB000428BD0 /* PColor.swift */; };
		674E33092498DFD500428BD0 /* PDimen.swift in Sources */ = {isa = PBXBuildFile; fileRef = 674E33082498DFD500428BD0 /* PDimen.swift */; };
		674E330E2498E2B700428BD0 /* String+Extension.swift in Sources */ = {isa = PBXBuildFile; fileRef = 674E330D2498E2B700428BD0 /* String+Extension.swift */; };
		674E33102498E50C00428BD0 /* Localizable.strings in Resources */ = {isa = PBXBuildFile; fileRef = 674E330F2498E50C00428BD0 /* Localizable.strings */; };
		675FDB8224A39CBF00126476 /* Roboto-Medium.ttf in Resources */ = {isa = PBXBuildFile; fileRef = 675FDB7624A39CBF00126476 /* Roboto-Medium.ttf */; };
		675FDB8324A39CBF00126476 /* Roboto-Light.ttf in Resources */ = {isa = PBXBuildFile; fileRef = 675FDB7724A39CBF00126476 /* Roboto-Light.ttf */; };
		675FDB8424A39CBF00126476 /* Roboto-Regular.ttf in Resources */ = {isa = PBXBuildFile; fileRef = 675FDB7824A39CBF00126476 /* Roboto-Regular.ttf */; };
		675FDB8524A39CBF00126476 /* Roboto-MediumItalic.ttf in Resources */ = {isa = PBXBuildFile; fileRef = 675FDB7924A39CBF00126476 /* Roboto-MediumItalic.ttf */; };
		675FDB8624A39CBF00126476 /* Roboto-ThinItalic.ttf in Resources */ = {isa = PBXBuildFile; fileRef = 675FDB7A24A39CBF00126476 /* Roboto-ThinItalic.ttf */; };
		675FDB8724A39CBF00126476 /* Roboto-BoldItalic.ttf in Resources */ = {isa = PBXBuildFile; fileRef = 675FDB7B24A39CBF00126476 /* Roboto-BoldItalic.ttf */; };
		675FDB8824A39CBF00126476 /* Roboto-LightItalic.ttf in Resources */ = {isa = PBXBuildFile; fileRef = 675FDB7C24A39CBF00126476 /* Roboto-LightItalic.ttf */; };
		675FDB8924A39CBF00126476 /* Roboto-Italic.ttf in Resources */ = {isa = PBXBuildFile; fileRef = 675FDB7D24A39CBF00126476 /* Roboto-Italic.ttf */; };
		675FDB8A24A39CBF00126476 /* Roboto-BlackItalic.ttf in Resources */ = {isa = PBXBuildFile; fileRef = 675FDB7E24A39CBF00126476 /* Roboto-BlackItalic.ttf */; };
		675FDB8B24A39CBF00126476 /* Roboto-Bold.ttf in Resources */ = {isa = PBXBuildFile; fileRef = 675FDB7F24A39CBF00126476 /* Roboto-Bold.ttf */; };
		675FDB8C24A39CBF00126476 /* Roboto-Thin.ttf in Resources */ = {isa = PBXBuildFile; fileRef = 675FDB8024A39CBF00126476 /* Roboto-Thin.ttf */; };
		675FDB8D24A39CBF00126476 /* Roboto-Black.ttf in Resources */ = {isa = PBXBuildFile; fileRef = 675FDB8124A39CBF00126476 /* Roboto-Black.ttf */; };
		675FDB8F24A39CFD00126476 /* PFont.swift in Sources */ = {isa = PBXBuildFile; fileRef = 675FDB8E24A39CFD00126476 /* PFont.swift */; };
		675FEE4024B2197D00644F5C /* NetworkManager.swift in Sources */ = {isa = PBXBuildFile; fileRef = 675FEE3F24B2197D00644F5C /* NetworkManager.swift */; };
		675FEE4324B222A600644F5C /* BaseOperations.swift in Sources */ = {isa = PBXBuildFile; fileRef = 675FEE4224B222A600644F5C /* BaseOperations.swift */; };
		6781701624BB854400A85A3E /* StoryEntity.swift in Sources */ = {isa = PBXBuildFile; fileRef = 6781701524BB854400A85A3E /* StoryEntity.swift */; };
		6781701824BB861D00A85A3E /* EventEntity.swift in Sources */ = {isa = PBXBuildFile; fileRef = 6781701724BB861D00A85A3E /* EventEntity.swift */; };
		6781701A24BB86CB00A85A3E /* SeriesEntity.swift in Sources */ = {isa = PBXBuildFile; fileRef = 6781701924BB86CB00A85A3E /* SeriesEntity.swift */; };
		6781701E24BBCD9C00A85A3E /* MarvelTableCell.swift in Sources */ = {isa = PBXBuildFile; fileRef = 6781701D24BBCD9C00A85A3E /* MarvelTableCell.swift */; };
		6785D07A249FDF5600148B01 /* UIKeyboardController.swift in Sources */ = {isa = PBXBuildFile; fileRef = 6785D079249FDF5600148B01 /* UIKeyboardController.swift */; };
		678BD35F24BB252100E1FD2D /* UrlEntity.swift in Sources */ = {isa = PBXBuildFile; fileRef = 678BD35E24BB252100E1FD2D /* UrlEntity.swift */; };
		678BD36124BB25DB00E1FD2D /* ImageEntity.swift in Sources */ = {isa = PBXBuildFile; fileRef = 678BD36024BB25DB00E1FD2D /* ImageEntity.swift */; };
		678BD36524BB449300E1FD2D /* CharacterEntity.swift in Sources */ = {isa = PBXBuildFile; fileRef = 678BD36424BB449300E1FD2D /* CharacterEntity.swift */; };
		678BD36724BB837A00E1FD2D /* ComicEntity.swift in Sources */ = {isa = PBXBuildFile; fileRef = 678BD36624BB837A00E1FD2D /* ComicEntity.swift */; };
		6795C119249D07A600A8589B /* TextFieldRouter.swift in Sources */ = {isa = PBXBuildFile; fileRef = 6795C111249D07A600A8589B /* TextFieldRouter.swift */; };
		6795C11A249D07A600A8589B /* TextFieldRepository.swift in Sources */ = {isa = PBXBuildFile; fileRef = 6795C113249D07A600A8589B /* TextFieldRepository.swift */; };
		6795C11B249D07A600A8589B /* TextField.swift in Sources */ = {isa = PBXBuildFile; fileRef = 6795C115249D07A600A8589B /* TextField.swift */; };
		6795C11C249D07A600A8589B /* TextFieldVC.swift in Sources */ = {isa = PBXBuildFile; fileRef = 6795C117249D07A600A8589B /* TextFieldVC.swift */; };
		6795C11D249D07A600A8589B /* TextFieldPresenter.swift in Sources */ = {isa = PBXBuildFile; fileRef = 6795C118249D07A600A8589B /* TextFieldPresenter.swift */; };
		67A6269E24B8F60B00E4D875 /* AppConfiguration.swift in Sources */ = {isa = PBXBuildFile; fileRef = 67A6269D24B8F60B00E4D875 /* AppConfiguration.swift */; };
		67B1964724BA55E900BE7C2E /* TimeInterval+Extension.swift in Sources */ = {isa = PBXBuildFile; fileRef = 67B1964624BA55E900BE7C2E /* TimeInterval+Extension.swift */; };
		67D44CB824B901A200452BB8 /* MarvelRouter.swift in Sources */ = {isa = PBXBuildFile; fileRef = 67D44CB024B901A200452BB8 /* MarvelRouter.swift */; };
		67D44CB924B901A200452BB8 /* MarvelRepository.swift in Sources */ = {isa = PBXBuildFile; fileRef = 67D44CB224B901A200452BB8 /* MarvelRepository.swift */; };
		67D44CBA24B901A200452BB8 /* Marvel.swift in Sources */ = {isa = PBXBuildFile; fileRef = 67D44CB424B901A200452BB8 /* Marvel.swift */; };
		67D44CBB24B901A200452BB8 /* MarvelVC.swift in Sources */ = {isa = PBXBuildFile; fileRef = 67D44CB624B901A200452BB8 /* MarvelVC.swift */; };
		67D44CBC24B901A200452BB8 /* MarvelPresenter.swift in Sources */ = {isa = PBXBuildFile; fileRef = 67D44CB724B901A200452BB8 /* MarvelPresenter.swift */; };
		67D44CBE24B905EC00452BB8 /* CharactersOperation.swift in Sources */ = {isa = PBXBuildFile; fileRef = 67D44CBD24B905EC00452BB8 /* CharactersOperation.swift */; };
		67D44CC324B9A33000452BB8 /* NetworkError.swift in Sources */ = {isa = PBXBuildFile; fileRef = 67D44CC224B9A33000452BB8 /* NetworkError.swift */; };
/* End PBXBuildFile section */

/* Begin PBXFileReference section */
		5F35043EBCF086B711823CE7 /* Pods-PORTFOLIO.debug.xcconfig */ = {isa = PBXFileReference; includeInIndex = 1; lastKnownFileType = text.xcconfig; name = "Pods-PORTFOLIO.debug.xcconfig"; path = "Target Support Files/Pods-PORTFOLIO/Pods-PORTFOLIO.debug.xcconfig"; sourceTree = "<group>"; };
		6700D1CC24979D1F00ED44AB /* portfolio.app */ = {isa = PBXFileReference; explicitFileType = wrapper.application; includeInIndex = 0; path = portfolio.app; sourceTree = BUILT_PRODUCTS_DIR; };
		6700D1CF24979D1F00ED44AB /* AppDelegate.swift */ = {isa = PBXFileReference; lastKnownFileType = sourcecode.swift; path = AppDelegate.swift; sourceTree = "<group>"; };
		6700D1D824979D2500ED44AB /* Assets.xcassets */ = {isa = PBXFileReference; lastKnownFileType = folder.assetcatalog; path = Assets.xcassets; sourceTree = "<group>"; };
		6700D1DB24979D2500ED44AB /* Base */ = {isa = PBXFileReference; lastKnownFileType = file.storyboard; name = Base; path = Base.lproj/LaunchScreen.storyboard; sourceTree = "<group>"; };
		6700D1DD24979D2500ED44AB /* Info.plist */ = {isa = PBXFileReference; lastKnownFileType = text.plist.xml; path = Info.plist; sourceTree = "<group>"; };
		6700D1E62497B50000ED44AB /* ServicesLocator.swift */ = {isa = PBXFileReference; lastKnownFileType = sourcecode.swift; path = ServicesLocator.swift; sourceTree = "<group>"; };
		6700D1E92497B5A100ED44AB /* MainRouter.swift */ = {isa = PBXFileReference; lastKnownFileType = sourcecode.swift; path = MainRouter.swift; sourceTree = "<group>"; };
		6700D1EF2497BC6500ED44AB /* SplashRouter.swift */ = {isa = PBXFileReference; fileEncoding = 4; lastKnownFileType = sourcecode.swift; path = SplashRouter.swift; sourceTree = "<group>"; };
		6700D1F12497BC6500ED44AB /* SplashRepository.swift */ = {isa = PBXFileReference; fileEncoding = 4; lastKnownFileType = sourcecode.swift; path = SplashRepository.swift; sourceTree = "<group>"; };
		6700D1F32497BC6500ED44AB /* Splash.swift */ = {isa = PBXFileReference; fileEncoding = 4; lastKnownFileType = sourcecode.swift; path = Splash.swift; sourceTree = "<group>"; };
		6700D1F52497BC6500ED44AB /* SplashVC.swift */ = {isa = PBXFileReference; fileEncoding = 4; lastKnownFileType = sourcecode.swift; path = SplashVC.swift; sourceTree = "<group>"; };
		6700D1F62497BC6500ED44AB /* SplashPresenter.swift */ = {isa = PBXFileReference; fileEncoding = 4; lastKnownFileType = sourcecode.swift; path = SplashPresenter.swift; sourceTree = "<group>"; };
		673C5461249A46E800BDF5EB /* UIView+Extension.swift */ = {isa = PBXFileReference; lastKnownFileType = sourcecode.swift; path = "UIView+Extension.swift"; sourceTree = "<group>"; };
		674E32F52498BC5E00428BD0 /* MainScreenRouter.swift */ = {isa = PBXFileReference; fileEncoding = 4; lastKnownFileType = sourcecode.swift; path = MainScreenRouter.swift; sourceTree = "<group>"; };
		674E32F72498BC5E00428BD0 /* MainScreenRepository.swift */ = {isa = PBXFileReference; fileEncoding = 4; lastKnownFileType = sourcecode.swift; path = MainScreenRepository.swift; sourceTree = "<group>"; };
		674E32F92498BC5E00428BD0 /* MainScreen.swift */ = {isa = PBXFileReference; fileEncoding = 4; lastKnownFileType = sourcecode.swift; path = MainScreen.swift; sourceTree = "<group>"; };
		674E32FB2498BC5E00428BD0 /* MainScreenVC.swift */ = {isa = PBXFileReference; fileEncoding = 4; lastKnownFileType = sourcecode.swift; path = MainScreenVC.swift; sourceTree = "<group>"; };
		674E32FC2498BC5E00428BD0 /* MainScreenPresenter.swift */ = {isa = PBXFileReference; fileEncoding = 4; lastKnownFileType = sourcecode.swift; path = MainScreenPresenter.swift; sourceTree = "<group>"; };
		674E33062498DCB000428BD0 /* PColor.swift */ = {isa = PBXFileReference; lastKnownFileType = sourcecode.swift; path = PColor.swift; sourceTree = "<group>"; };
		674E33082498DFD500428BD0 /* PDimen.swift */ = {isa = PBXFileReference; lastKnownFileType = sourcecode.swift; path = PDimen.swift; sourceTree = "<group>"; };
		674E330D2498E2B700428BD0 /* String+Extension.swift */ = {isa = PBXFileReference; lastKnownFileType = sourcecode.swift; path = "String+Extension.swift"; sourceTree = "<group>"; };
		674E330F2498E50C00428BD0 /* Localizable.strings */ = {isa = PBXFileReference; lastKnownFileType = text.plist.strings; path = Localizable.strings; sourceTree = "<group>"; };
		675FDB7624A39CBF00126476 /* Roboto-Medium.ttf */ = {isa = PBXFileReference; lastKnownFileType = file; path = "Roboto-Medium.ttf"; sourceTree = "<group>"; };
		675FDB7724A39CBF00126476 /* Roboto-Light.ttf */ = {isa = PBXFileReference; lastKnownFileType = file; path = "Roboto-Light.ttf"; sourceTree = "<group>"; };
		675FDB7824A39CBF00126476 /* Roboto-Regular.ttf */ = {isa = PBXFileReference; lastKnownFileType = file; path = "Roboto-Regular.ttf"; sourceTree = "<group>"; };
		675FDB7924A39CBF00126476 /* Roboto-MediumItalic.ttf */ = {isa = PBXFileReference; lastKnownFileType = file; path = "Roboto-MediumItalic.ttf"; sourceTree = "<group>"; };
		675FDB7A24A39CBF00126476 /* Roboto-ThinItalic.ttf */ = {isa = PBXFileReference; lastKnownFileType = file; path = "Roboto-ThinItalic.ttf"; sourceTree = "<group>"; };
		675FDB7B24A39CBF00126476 /* Roboto-BoldItalic.ttf */ = {isa = PBXFileReference; lastKnownFileType = file; path = "Roboto-BoldItalic.ttf"; sourceTree = "<group>"; };
		675FDB7C24A39CBF00126476 /* Roboto-LightItalic.ttf */ = {isa = PBXFileReference; lastKnownFileType = file; path = "Roboto-LightItalic.ttf"; sourceTree = "<group>"; };
		675FDB7D24A39CBF00126476 /* Roboto-Italic.ttf */ = {isa = PBXFileReference; lastKnownFileType = file; path = "Roboto-Italic.ttf"; sourceTree = "<group>"; };
		675FDB7E24A39CBF00126476 /* Roboto-BlackItalic.ttf */ = {isa = PBXFileReference; lastKnownFileType = file; path = "Roboto-BlackItalic.ttf"; sourceTree = "<group>"; };
		675FDB7F24A39CBF00126476 /* Roboto-Bold.ttf */ = {isa = PBXFileReference; lastKnownFileType = file; path = "Roboto-Bold.ttf"; sourceTree = "<group>"; };
		675FDB8024A39CBF00126476 /* Roboto-Thin.ttf */ = {isa = PBXFileReference; lastKnownFileType = file; path = "Roboto-Thin.ttf"; sourceTree = "<group>"; };
		675FDB8124A39CBF00126476 /* Roboto-Black.ttf */ = {isa = PBXFileReference; lastKnownFileType = file; path = "Roboto-Black.ttf"; sourceTree = "<group>"; };
		675FDB8E24A39CFD00126476 /* PFont.swift */ = {isa = PBXFileReference; lastKnownFileType = sourcecode.swift; path = PFont.swift; sourceTree = "<group>"; };
		675FEE3F24B2197D00644F5C /* NetworkManager.swift */ = {isa = PBXFileReference; lastKnownFileType = sourcecode.swift; path = NetworkManager.swift; sourceTree = "<group>"; };
		675FEE4224B222A600644F5C /* BaseOperations.swift */ = {isa = PBXFileReference; lastKnownFileType = sourcecode.swift; path = BaseOperations.swift; sourceTree = "<group>"; };
		6781701524BB854400A85A3E /* StoryEntity.swift */ = {isa = PBXFileReference; lastKnownFileType = sourcecode.swift; path = StoryEntity.swift; sourceTree = "<group>"; };
		6781701724BB861D00A85A3E /* EventEntity.swift */ = {isa = PBXFileReference; lastKnownFileType = sourcecode.swift; path = EventEntity.swift; sourceTree = "<group>"; };
		6781701924BB86CB00A85A3E /* SeriesEntity.swift */ = {isa = PBXFileReference; lastKnownFileType = sourcecode.swift; path = SeriesEntity.swift; sourceTree = "<group>"; };
		6781701D24BBCD9C00A85A3E /* MarvelTableCell.swift */ = {isa = PBXFileReference; lastKnownFileType = sourcecode.swift; path = MarvelTableCell.swift; sourceTree = "<group>"; };
		6785D079249FDF5600148B01 /* UIKeyboardController.swift */ = {isa = PBXFileReference; lastKnownFileType = sourcecode.swift; path = UIKeyboardController.swift; sourceTree = "<group>"; };
		678BD35E24BB252100E1FD2D /* UrlEntity.swift */ = {isa = PBXFileReference; lastKnownFileType = sourcecode.swift; path = UrlEntity.swift; sourceTree = "<group>"; };
		678BD36024BB25DB00E1FD2D /* ImageEntity.swift */ = {isa = PBXFileReference; lastKnownFileType = sourcecode.swift; path = ImageEntity.swift; sourceTree = "<group>"; };
		678BD36424BB449300E1FD2D /* CharacterEntity.swift */ = {isa = PBXFileReference; fileEncoding = 4; lastKnownFileType = sourcecode.swift; path = CharacterEntity.swift; sourceTree = "<group>"; };
		678BD36624BB837A00E1FD2D /* ComicEntity.swift */ = {isa = PBXFileReference; lastKnownFileType = sourcecode.swift; path = ComicEntity.swift; sourceTree = "<group>"; };
		6795C111249D07A600A8589B /* TextFieldRouter.swift */ = {isa = PBXFileReference; fileEncoding = 4; lastKnownFileType = sourcecode.swift; path = TextFieldRouter.swift; sourceTree = "<group>"; };
		6795C113249D07A600A8589B /* TextFieldRepository.swift */ = {isa = PBXFileReference; fileEncoding = 4; lastKnownFileType = sourcecode.swift; path = TextFieldRepository.swift; sourceTree = "<group>"; };
		6795C115249D07A600A8589B /* TextField.swift */ = {isa = PBXFileReference; fileEncoding = 4; lastKnownFileType = sourcecode.swift; path = TextField.swift; sourceTree = "<group>"; };
		6795C117249D07A600A8589B /* TextFieldVC.swift */ = {isa = PBXFileReference; fileEncoding = 4; lastKnownFileType = sourcecode.swift; path = TextFieldVC.swift; sourceTree = "<group>"; };
		6795C118249D07A600A8589B /* TextFieldPresenter.swift */ = {isa = PBXFileReference; fileEncoding = 4; lastKnownFileType = sourcecode.swift; path = TextFieldPresenter.swift; sourceTree = "<group>"; };
		67A6269D24B8F60B00E4D875 /* AppConfiguration.swift */ = {isa = PBXFileReference; lastKnownFileType = sourcecode.swift; path = AppConfiguration.swift; sourceTree = "<group>"; };
		67B1964524BA538A00BE7C2E /* PORTFOLIO-Bridging-Header.h */ = {isa = PBXFileReference; lastKnownFileType = sourcecode.c.h; path = "PORTFOLIO-Bridging-Header.h"; sourceTree = "<group>"; };
		67B1964624BA55E900BE7C2E /* TimeInterval+Extension.swift */ = {isa = PBXFileReference; lastKnownFileType = sourcecode.swift; path = "TimeInterval+Extension.swift"; sourceTree = "<group>"; };
		67D44CB024B901A200452BB8 /* MarvelRouter.swift */ = {isa = PBXFileReference; fileEncoding = 4; lastKnownFileType = sourcecode.swift; path = MarvelRouter.swift; sourceTree = "<group>"; };
		67D44CB224B901A200452BB8 /* MarvelRepository.swift */ = {isa = PBXFileReference; fileEncoding = 4; lastKnownFileType = sourcecode.swift; path = MarvelRepository.swift; sourceTree = "<group>"; };
		67D44CB424B901A200452BB8 /* Marvel.swift */ = {isa = PBXFileReference; fileEncoding = 4; lastKnownFileType = sourcecode.swift; path = Marvel.swift; sourceTree = "<group>"; };
		67D44CB624B901A200452BB8 /* MarvelVC.swift */ = {isa = PBXFileReference; fileEncoding = 4; lastKnownFileType = sourcecode.swift; path = MarvelVC.swift; sourceTree = "<group>"; };
		67D44CB724B901A200452BB8 /* MarvelPresenter.swift */ = {isa = PBXFileReference; fileEncoding = 4; lastKnownFileType = sourcecode.swift; path = MarvelPresenter.swift; sourceTree = "<group>"; };
		67D44CBD24B905EC00452BB8 /* CharactersOperation.swift */ = {isa = PBXFileReference; lastKnownFileType = sourcecode.swift; path = CharactersOperation.swift; sourceTree = "<group>"; };
		67D44CC224B9A33000452BB8 /* NetworkError.swift */ = {isa = PBXFileReference; lastKnownFileType = sourcecode.swift; path = NetworkError.swift; sourceTree = "<group>"; };
		8C87BAAEEEEE0A24C4D8DB74 /* Pods-PORTFOLIO.release.xcconfig */ = {isa = PBXFileReference; includeInIndex = 1; lastKnownFileType = text.xcconfig; name = "Pods-PORTFOLIO.release.xcconfig"; path = "Target Support Files/Pods-PORTFOLIO/Pods-PORTFOLIO.release.xcconfig"; sourceTree = "<group>"; };
		F79BC85A8EA6CA339293D604 /* Pods_PORTFOLIO.framework */ = {isa = PBXFileReference; explicitFileType = wrapper.framework; includeInIndex = 0; path = Pods_PORTFOLIO.framework; sourceTree = BUILT_PRODUCTS_DIR; };
/* End PBXFileReference section */

/* Begin PBXFrameworksBuildPhase section */
		6700D1C924979D1F00ED44AB /* Frameworks */ = {
			isa = PBXFrameworksBuildPhase;
			buildActionMask = 2147483647;
			files = (
				033860320143B1EE2F153968 /* Pods_PORTFOLIO.framework in Frameworks */,
			);
			runOnlyForDeploymentPostprocessing = 0;
		};
/* End PBXFrameworksBuildPhase section */

/* Begin PBXGroup section */
		6700D1C324979D1F00ED44AB = {
			isa = PBXGroup;
			children = (
				6700D1CE24979D1F00ED44AB /* PORTFOLIO */,
				6700D1CD24979D1F00ED44AB /* Products */,
				91266F95D92E4CA973537745 /* Pods */,
				684DBAC000C0039C3D211A93 /* Frameworks */,
			);
			sourceTree = "<group>";
		};
		6700D1CD24979D1F00ED44AB /* Products */ = {
			isa = PBXGroup;
			children = (
				6700D1CC24979D1F00ED44AB /* portfolio.app */,
			);
			name = Products;
			sourceTree = "<group>";
		};
		6700D1CE24979D1F00ED44AB /* PORTFOLIO */ = {
			isa = PBXGroup;
			children = (
				6700D1DD24979D2500ED44AB /* Info.plist */,
				6700D1CF24979D1F00ED44AB /* AppDelegate.swift */,
				67B1964524BA538A00BE7C2E /* PORTFOLIO-Bridging-Header.h */,
				6700D1E324979D6B00ED44AB /* Code */,
				6700D1E424979D7B00ED44AB /* Resources */,
			);
			path = PORTFOLIO;
			sourceTree = "<group>";
		};
		6700D1E324979D6B00ED44AB /* Code */ = {
			isa = PBXGroup;
			children = (
				6700D1E52497B4EA00ED44AB /* Base */,
				674E32F42498BC5E00428BD0 /* MainScreen */,
				67D44CAF24B901A200452BB8 /* Marvel */,
				6700D1EE2497BC6500ED44AB /* Splash */,
				6795C110249D07A600A8589B /* TextField */,
				674E330A2498E1F900428BD0 /* Utils */,
			);
			path = Code;
			sourceTree = "<group>";
		};
		6700D1E424979D7B00ED44AB /* Resources */ = {
			isa = PBXGroup;
			children = (
				675FDB7424A39CBF00126476 /* Fonts */,
				6700D1D824979D2500ED44AB /* Assets.xcassets */,
				6700D1DA24979D2500ED44AB /* LaunchScreen.storyboard */,
				674E330F2498E50C00428BD0 /* Localizable.strings */,
			);
			path = Resources;
			sourceTree = "<group>";
		};
		6700D1E52497B4EA00ED44AB /* Base */ = {
			isa = PBXGroup;
			children = (
				675FEE3E24B1292B00644F5C /* Data */,
				67A6269C24B8F51C00E4D875 /* Domain */,
				67D44CBF24B9103600452BB8 /* Entities */,
				6700D1E92497B5A100ED44AB /* MainRouter.swift */,
				674E33052498DC7F00428BD0 /* Presentation */,
				6700D1E62497B50000ED44AB /* ServicesLocator.swift */,
				6785D079249FDF5600148B01 /* UIKeyboardController.swift */,
			);
			path = Base;
			sourceTree = "<group>";
		};
		6700D1EE2497BC6500ED44AB /* Splash */ = {
			isa = PBXGroup;
			children = (
				6700D1F02497BC6500ED44AB /* Data */,
				6700D1F22497BC6500ED44AB /* Domain */,
				6700D1F42497BC6500ED44AB /* Presentation */,
				6700D1EF2497BC6500ED44AB /* SplashRouter.swift */,
			);
			path = Splash;
			sourceTree = "<group>";
		};
		6700D1F02497BC6500ED44AB /* Data */ = {
			isa = PBXGroup;
			children = (
				6700D1F12497BC6500ED44AB /* SplashRepository.swift */,
			);
			path = Data;
			sourceTree = "<group>";
		};
		6700D1F22497BC6500ED44AB /* Domain */ = {
			isa = PBXGroup;
			children = (
				6700D1F32497BC6500ED44AB /* Splash.swift */,
			);
			path = Domain;
			sourceTree = "<group>";
		};
		6700D1F42497BC6500ED44AB /* Presentation */ = {
			isa = PBXGroup;
			children = (
				6700D1F62497BC6500ED44AB /* SplashPresenter.swift */,
				6700D1F52497BC6500ED44AB /* SplashVC.swift */,
			);
			path = Presentation;
			sourceTree = "<group>";
		};
		674E32F42498BC5E00428BD0 /* MainScreen */ = {
			isa = PBXGroup;
			children = (
				674E32F62498BC5E00428BD0 /* Data */,
				674E32F82498BC5E00428BD0 /* Domain */,
				674E32FA2498BC5E00428BD0 /* Presentation */,
				674E32F52498BC5E00428BD0 /* MainScreenRouter.swift */,
			);
			path = MainScreen;
			sourceTree = "<group>";
		};
		674E32F62498BC5E00428BD0 /* Data */ = {
			isa = PBXGroup;
			children = (
				674E32F72498BC5E00428BD0 /* MainScreenRepository.swift */,
			);
			path = Data;
			sourceTree = "<group>";
		};
		674E32F82498BC5E00428BD0 /* Domain */ = {
			isa = PBXGroup;
			children = (
				674E32F92498BC5E00428BD0 /* MainScreen.swift */,
			);
			path = Domain;
			sourceTree = "<group>";
		};
		674E32FA2498BC5E00428BD0 /* Presentation */ = {
			isa = PBXGroup;
			children = (
				674E32FC2498BC5E00428BD0 /* MainScreenPresenter.swift */,
				674E32FB2498BC5E00428BD0 /* MainScreenVC.swift */,
			);
			path = Presentation;
			sourceTree = "<group>";
		};
		674E33052498DC7F00428BD0 /* Presentation */ = {
			isa = PBXGroup;
			children = (
				674E33062498DCB000428BD0 /* PColor.swift */,
				674E33082498DFD500428BD0 /* PDimen.swift */,
				675FDB8E24A39CFD00126476 /* PFont.swift */,
			);
			path = Presentation;
			sourceTree = "<group>";
		};
		674E330A2498E1F900428BD0 /* Utils */ = {
			isa = PBXGroup;
			children = (
				674E330B2498E27300428BD0 /* Presentation */,
			);
			path = Utils;
			sourceTree = "<group>";
		};
		674E330B2498E27300428BD0 /* Presentation */ = {
			isa = PBXGroup;
			children = (
				674E330C2498E29300428BD0 /* Extension */,
			);
			path = Presentation;
			sourceTree = "<group>";
		};
		674E330C2498E29300428BD0 /* Extension */ = {
			isa = PBXGroup;
			children = (
				674E330D2498E2B700428BD0 /* String+Extension.swift */,
				673C5461249A46E800BDF5EB /* UIView+Extension.swift */,
				67B1964624BA55E900BE7C2E /* TimeInterval+Extension.swift */,
			);
			path = Extension;
			sourceTree = "<group>";
		};
		675FDB7424A39CBF00126476 /* Fonts */ = {
			isa = PBXGroup;
			children = (
				675FDB7524A39CBF00126476 /* Roboto */,
			);
			path = Fonts;
			sourceTree = "<group>";
		};
		675FDB7524A39CBF00126476 /* Roboto */ = {
			isa = PBXGroup;
			children = (
				675FDB7624A39CBF00126476 /* Roboto-Medium.ttf */,
				675FDB7724A39CBF00126476 /* Roboto-Light.ttf */,
				675FDB7824A39CBF00126476 /* Roboto-Regular.ttf */,
				675FDB7924A39CBF00126476 /* Roboto-MediumItalic.ttf */,
				675FDB7A24A39CBF00126476 /* Roboto-ThinItalic.ttf */,
				675FDB7B24A39CBF00126476 /* Roboto-BoldItalic.ttf */,
				675FDB7C24A39CBF00126476 /* Roboto-LightItalic.ttf */,
				675FDB7D24A39CBF00126476 /* Roboto-Italic.ttf */,
				675FDB7E24A39CBF00126476 /* Roboto-BlackItalic.ttf */,
				675FDB7F24A39CBF00126476 /* Roboto-Bold.ttf */,
				675FDB8024A39CBF00126476 /* Roboto-Thin.ttf */,
				675FDB8124A39CBF00126476 /* Roboto-Black.ttf */,
			);
			path = Roboto;
			sourceTree = "<group>";
		};
		675FEE3E24B1292B00644F5C /* Data */ = {
			isa = PBXGroup;
			children = (
				675FEE4124B2228600644F5C /* Operations */,
				675FEE3F24B2197D00644F5C /* NetworkManager.swift */,
			);
			path = Data;
			sourceTree = "<group>";
		};
		675FEE4124B2228600644F5C /* Operations */ = {
			isa = PBXGroup;
			children = (
				675FEE4224B222A600644F5C /* BaseOperations.swift */,
				67D44CBD24B905EC00452BB8 /* CharactersOperation.swift */,
			);
			path = Operations;
			sourceTree = "<group>";
		};
		6781701C24BB877E00A85A3E /* Marvel */ = {
			isa = PBXGroup;
			children = (
				678BD36424BB449300E1FD2D /* CharacterEntity.swift */,
				678BD36624BB837A00E1FD2D /* ComicEntity.swift */,
				6781701724BB861D00A85A3E /* EventEntity.swift */,
				678BD36024BB25DB00E1FD2D /* ImageEntity.swift */,
				6781701924BB86CB00A85A3E /* SeriesEntity.swift */,
				6781701524BB854400A85A3E /* StoryEntity.swift */,
				678BD35E24BB252100E1FD2D /* UrlEntity.swift */,
			);
			path = Marvel;
			sourceTree = "<group>";
		};
		6795C110249D07A600A8589B /* TextField */ = {
			isa = PBXGroup;
			children = (
				6795C112249D07A600A8589B /* Data */,
				6795C114249D07A600A8589B /* Domain */,
				6795C116249D07A600A8589B /* Presentation */,
				6795C111249D07A600A8589B /* TextFieldRouter.swift */,
			);
			path = TextField;
			sourceTree = "<group>";
		};
		6795C112249D07A600A8589B /* Data */ = {
			isa = PBXGroup;
			children = (
				6795C113249D07A600A8589B /* TextFieldRepository.swift */,
			);
			path = Data;
			sourceTree = "<group>";
		};
		6795C114249D07A600A8589B /* Domain */ = {
			isa = PBXGroup;
			children = (
				6795C115249D07A600A8589B /* TextField.swift */,
			);
			path = Domain;
			sourceTree = "<group>";
		};
		6795C116249D07A600A8589B /* Presentation */ = {
			isa = PBXGroup;
			children = (
				6795C118249D07A600A8589B /* TextFieldPresenter.swift */,
				6795C117249D07A600A8589B /* TextFieldVC.swift */,
			);
			path = Presentation;
			sourceTree = "<group>";
		};
		67A6269C24B8F51C00E4D875 /* Domain */ = {
			isa = PBXGroup;
			children = (
				67A6269D24B8F60B00E4D875 /* AppConfiguration.swift */,
			);
			path = Domain;
			sourceTree = "<group>";
		};
		67D44CAF24B901A200452BB8 /* Marvel */ = {
			isa = PBXGroup;
			children = (
				67D44CB124B901A200452BB8 /* Data */,
				67D44CB324B901A200452BB8 /* Domain */,
				67D44CB524B901A200452BB8 /* Presentation */,
				67D44CB024B901A200452BB8 /* MarvelRouter.swift */,
			);
			path = Marvel;
			sourceTree = "<group>";
		};
		67D44CB124B901A200452BB8 /* Data */ = {
			isa = PBXGroup;
			children = (
				67D44CB224B901A200452BB8 /* MarvelRepository.swift */,
			);
			path = Data;
			sourceTree = "<group>";
		};
		67D44CB324B901A200452BB8 /* Domain */ = {
			isa = PBXGroup;
			children = (
				67D44CB424B901A200452BB8 /* Marvel.swift */,
			);
			path = Domain;
			sourceTree = "<group>";
		};
		67D44CB524B901A200452BB8 /* Presentation */ = {
			isa = PBXGroup;
			children = (
				67D44CB724B901A200452BB8 /* MarvelPresenter.swift */,
				6781701D24BBCD9C00A85A3E /* MarvelTableCell.swift */,
				67D44CB624B901A200452BB8 /* MarvelVC.swift */,
			);
			path = Presentation;
			sourceTree = "<group>";
		};
		67D44CBF24B9103600452BB8 /* Entities */ = {
			isa = PBXGroup;
			children = (
				6781701C24BB877E00A85A3E /* Marvel */,
				67D44CC224B9A33000452BB8 /* NetworkError.swift */,
			);
			path = Entities;
			sourceTree = "<group>";
		};
		684DBAC000C0039C3D211A93 /* Frameworks */ = {
			isa = PBXGroup;
			children = (
				F79BC85A8EA6CA339293D604 /* Pods_PORTFOLIO.framework */,
			);
			name = Frameworks;
			sourceTree = "<group>";
		};
		91266F95D92E4CA973537745 /* Pods */ = {
			isa = PBXGroup;
			children = (
				5F35043EBCF086B711823CE7 /* Pods-PORTFOLIO.debug.xcconfig */,
				8C87BAAEEEEE0A24C4D8DB74 /* Pods-PORTFOLIO.release.xcconfig */,
			);
			path = Pods;
			sourceTree = "<group>";
		};
/* End PBXGroup section */

/* Begin PBXNativeTarget section */
		6700D1CB24979D1F00ED44AB /* PORTFOLIO */ = {
			isa = PBXNativeTarget;
			buildConfigurationList = 6700D1E024979D2500ED44AB /* Build configuration list for PBXNativeTarget "PORTFOLIO" */;
			buildPhases = (
				729BF20E34469CFB5B4EFCD0 /* [CP] Check Pods Manifest.lock */,
				6700D1C824979D1F00ED44AB /* Sources */,
				6700D1C924979D1F00ED44AB /* Frameworks */,
				6700D1CA24979D1F00ED44AB /* Resources */,
				0906C3F0D9ED72E7BF8250C7 /* [CP] Embed Pods Frameworks */,
			);
			buildRules = (
			);
			dependencies = (
			);
			name = PORTFOLIO;
			productName = PORTFOLIO;
			productReference = 6700D1CC24979D1F00ED44AB /* portfolio.app */;
			productType = "com.apple.product-type.application";
		};
/* End PBXNativeTarget section */

/* Begin PBXProject section */
		6700D1C424979D1F00ED44AB /* Project object */ = {
			isa = PBXProject;
			attributes = {
				LastSwiftUpdateCheck = 1150;
				LastUpgradeCheck = 1150;
				ORGANIZATIONNAME = aalzres;
				TargetAttributes = {
					6700D1CB24979D1F00ED44AB = {
						CreatedOnToolsVersion = 11.5;
					};
				};
			};
			buildConfigurationList = 6700D1C724979D1F00ED44AB /* Build configuration list for PBXProject "PORTFOLIO" */;
			compatibilityVersion = "Xcode 9.3";
			developmentRegion = en;
			hasScannedForEncodings = 0;
			knownRegions = (
				en,
				Base,
			);
			mainGroup = 6700D1C324979D1F00ED44AB;
			productRefGroup = 6700D1CD24979D1F00ED44AB /* Products */;
			projectDirPath = "";
			projectRoot = "";
			targets = (
				6700D1CB24979D1F00ED44AB /* PORTFOLIO */,
			);
		};
/* End PBXProject section */

/* Begin PBXResourcesBuildPhase section */
		6700D1CA24979D1F00ED44AB /* Resources */ = {
			isa = PBXResourcesBuildPhase;
			buildActionMask = 2147483647;
			files = (
				675FDB8C24A39CBF00126476 /* Roboto-Thin.ttf in Resources */,
				675FDB8724A39CBF00126476 /* Roboto-BoldItalic.ttf in Resources */,
				675FDB8D24A39CBF00126476 /* Roboto-Black.ttf in Resources */,
				675FDB8B24A39CBF00126476 /* Roboto-Bold.ttf in Resources */,
				675FDB8424A39CBF00126476 /* Roboto-Regular.ttf in Resources */,
				675FDB8824A39CBF00126476 /* Roboto-LightItalic.ttf in Resources */,
				675FDB8224A39CBF00126476 /* Roboto-Medium.ttf in Resources */,
				6700D1DC24979D2500ED44AB /* LaunchScreen.storyboard in Resources */,
				675FDB8324A39CBF00126476 /* Roboto-Light.ttf in Resources */,
				675FDB8624A39CBF00126476 /* Roboto-ThinItalic.ttf in Resources */,
				675FDB8A24A39CBF00126476 /* Roboto-BlackItalic.ttf in Resources */,
				675FDB8524A39CBF00126476 /* Roboto-MediumItalic.ttf in Resources */,
				674E33102498E50C00428BD0 /* Localizable.strings in Resources */,
				675FDB8924A39CBF00126476 /* Roboto-Italic.ttf in Resources */,
				6700D1D924979D2500ED44AB /* Assets.xcassets in Resources */,
			);
			runOnlyForDeploymentPostprocessing = 0;
		};
/* End PBXResourcesBuildPhase section */

/* Begin PBXShellScriptBuildPhase section */
		0906C3F0D9ED72E7BF8250C7 /* [CP] Embed Pods Frameworks */ = {
			isa = PBXShellScriptBuildPhase;
			buildActionMask = 2147483647;
			files = (
			);
			inputFileListPaths = (
				"${PODS_ROOT}/Target Support Files/Pods-PORTFOLIO/Pods-PORTFOLIO-frameworks-${CONFIGURATION}-input-files.xcfilelist",
			);
			name = "[CP] Embed Pods Frameworks";
			outputFileListPaths = (
				"${PODS_ROOT}/Target Support Files/Pods-PORTFOLIO/Pods-PORTFOLIO-frameworks-${CONFIGURATION}-output-files.xcfilelist",
			);
			runOnlyForDeploymentPostprocessing = 0;
			shellPath = /bin/sh;
			shellScript = "\"${PODS_ROOT}/Target Support Files/Pods-PORTFOLIO/Pods-PORTFOLIO-frameworks.sh\"\n";
			showEnvVarsInLog = 0;
		};
		729BF20E34469CFB5B4EFCD0 /* [CP] Check Pods Manifest.lock */ = {
			isa = PBXShellScriptBuildPhase;
			buildActionMask = 2147483647;
			files = (
			);
			inputFileListPaths = (
			);
			inputPaths = (
				"${PODS_PODFILE_DIR_PATH}/Podfile.lock",
				"${PODS_ROOT}/Manifest.lock",
			);
			name = "[CP] Check Pods Manifest.lock";
			outputFileListPaths = (
			);
			outputPaths = (
				"$(DERIVED_FILE_DIR)/Pods-PORTFOLIO-checkManifestLockResult.txt",
			);
			runOnlyForDeploymentPostprocessing = 0;
			shellPath = /bin/sh;
			shellScript = "diff \"${PODS_PODFILE_DIR_PATH}/Podfile.lock\" \"${PODS_ROOT}/Manifest.lock\" > /dev/null\nif [ $? != 0 ] ; then\n    # print error to STDERR\n    echo \"error: The sandbox is not in sync with the Podfile.lock. Run 'pod install' or update your CocoaPods installation.\" >&2\n    exit 1\nfi\n# This output is used by Xcode 'outputs' to avoid re-running this script phase.\necho \"SUCCESS\" > \"${SCRIPT_OUTPUT_FILE_0}\"\n";
			showEnvVarsInLog = 0;
		};
/* End PBXShellScriptBuildPhase section */

/* Begin PBXSourcesBuildPhase section */
		6700D1C824979D1F00ED44AB /* Sources */ = {
			isa = PBXSourcesBuildPhase;
			buildActionMask = 2147483647;
			files = (
				6795C11A249D07A600A8589B /* TextFieldRepository.swift in Sources */,
				6781701824BB861D00A85A3E /* EventEntity.swift in Sources */,
				67D44CB824B901A200452BB8 /* MarvelRouter.swift in Sources */,
				674E330E2498E2B700428BD0 /* String+Extension.swift in Sources */,
				674E33072498DCB000428BD0 /* PColor.swift in Sources */,
				6795C11B249D07A600A8589B /* TextField.swift in Sources */,
				674E32FD2498BC5F00428BD0 /* MainScreenRouter.swift in Sources */,
				6700D1F82497BC6500ED44AB /* SplashRepository.swift in Sources */,
				6781701624BB854400A85A3E /* StoryEntity.swift in Sources */,
				675FEE4324B222A600644F5C /* BaseOperations.swift in Sources */,
				67D44CBB24B901A200452BB8 /* MarvelVC.swift in Sources */,
				6781701A24BB86CB00A85A3E /* SeriesEntity.swift in Sources */,
				6700D1E72497B50000ED44AB /* ServicesLocator.swift in Sources */,
				674E33002498BC5F00428BD0 /* MainScreenVC.swift in Sources */,
				6795C119249D07A600A8589B /* TextFieldRouter.swift in Sources */,
				674E32FF2498BC5F00428BD0 /* MainScreen.swift in Sources */,
				6700D1F72497BC6500ED44AB /* SplashRouter.swift in Sources */,
				67D44CB924B901A200452BB8 /* MarvelRepository.swift in Sources */,
				67D44CBC24B901A200452BB8 /* MarvelPresenter.swift in Sources */,
				6781701E24BBCD9C00A85A3E /* MarvelTableCell.swift in Sources */,
				678BD36524BB449300E1FD2D /* CharacterEntity.swift in Sources */,
				6700D1FB2497BC6500ED44AB /* SplashPresenter.swift in Sources */,
				6700D1D024979D1F00ED44AB /* AppDelegate.swift in Sources */,
				674E33092498DFD500428BD0 /* PDimen.swift in Sources */,
				673C5462249A46E800BDF5EB /* UIView+Extension.swift in Sources */,
				67B1964724BA55E900BE7C2E /* TimeInterval+Extension.swift in Sources */,
				67D44CBA24B901A200452BB8 /* Marvel.swift in Sources */,
				6700D1F92497BC6500ED44AB /* Splash.swift in Sources */,
				6785D07A249FDF5600148B01 /* UIKeyboardController.swift in Sources */,
				6795C11D249D07A600A8589B /* TextFieldPresenter.swift in Sources */,
				678BD36124BB25DB00E1FD2D /* ImageEntity.swift in Sources */,
				6795C11C249D07A600A8589B /* TextFieldVC.swift in Sources */,
				678BD36724BB837A00E1FD2D /* ComicEntity.swift in Sources */,
				6700D1EA2497B5A100ED44AB /* MainRouter.swift in Sources */,
				674E32FE2498BC5F00428BD0 /* MainScreenRepository.swift in Sources */,
				67D44CBE24B905EC00452BB8 /* CharactersOperation.swift in Sources */,
				67D44CC324B9A33000452BB8 /* NetworkError.swift in Sources */,
				678BD35F24BB252100E1FD2D /* UrlEntity.swift in Sources */,
				675FDB8F24A39CFD00126476 /* PFont.swift in Sources */,
				675FEE4024B2197D00644F5C /* NetworkManager.swift in Sources */,
				674E33012498BC5F00428BD0 /* MainScreenPresenter.swift in Sources */,
				67A6269E24B8F60B00E4D875 /* AppConfiguration.swift in Sources */,
				6700D1FA2497BC6500ED44AB /* SplashVC.swift in Sources */,
			);
			runOnlyForDeploymentPostprocessing = 0;
		};
/* End PBXSourcesBuildPhase section */

/* Begin PBXVariantGroup section */
		6700D1DA24979D2500ED44AB /* LaunchScreen.storyboard */ = {
			isa = PBXVariantGroup;
			children = (
				6700D1DB24979D2500ED44AB /* Base */,
			);
			name = LaunchScreen.storyboard;
			sourceTree = "<group>";
		};
/* End PBXVariantGroup section */

/* Begin XCBuildConfiguration section */
		6700D1DE24979D2500ED44AB /* Debug */ = {
			isa = XCBuildConfiguration;
			buildSettings = {
				ALWAYS_SEARCH_USER_PATHS = NO;
				CLANG_ANALYZER_NONNULL = YES;
				CLANG_ANALYZER_NUMBER_OBJECT_CONVERSION = YES_AGGRESSIVE;
				CLANG_CXX_LANGUAGE_STANDARD = "gnu++14";
				CLANG_CXX_LIBRARY = "libc++";
				CLANG_ENABLE_MODULES = YES;
				CLANG_ENABLE_OBJC_ARC = YES;
				CLANG_ENABLE_OBJC_WEAK = YES;
				CLANG_WARN_BLOCK_CAPTURE_AUTORELEASING = YES;
				CLANG_WARN_BOOL_CONVERSION = YES;
				CLANG_WARN_COMMA = YES;
				CLANG_WARN_CONSTANT_CONVERSION = YES;
				CLANG_WARN_DEPRECATED_OBJC_IMPLEMENTATIONS = YES;
				CLANG_WARN_DIRECT_OBJC_ISA_USAGE = YES_ERROR;
				CLANG_WARN_DOCUMENTATION_COMMENTS = YES;
				CLANG_WARN_EMPTY_BODY = YES;
				CLANG_WARN_ENUM_CONVERSION = YES;
				CLANG_WARN_INFINITE_RECURSION = YES;
				CLANG_WARN_INT_CONVERSION = YES;
				CLANG_WARN_NON_LITERAL_NULL_CONVERSION = YES;
				CLANG_WARN_OBJC_IMPLICIT_RETAIN_SELF = YES;
				CLANG_WARN_OBJC_LITERAL_CONVERSION = YES;
				CLANG_WARN_OBJC_ROOT_CLASS = YES_ERROR;
				CLANG_WARN_RANGE_LOOP_ANALYSIS = YES;
				CLANG_WARN_STRICT_PROTOTYPES = YES;
				CLANG_WARN_SUSPICIOUS_MOVE = YES;
				CLANG_WARN_UNGUARDED_AVAILABILITY = YES_AGGRESSIVE;
				CLANG_WARN_UNREACHABLE_CODE = YES;
				CLANG_WARN__DUPLICATE_METHOD_MATCH = YES;
				COPY_PHASE_STRIP = NO;
				DEBUG_INFORMATION_FORMAT = dwarf;
				ENABLE_STRICT_OBJC_MSGSEND = YES;
				ENABLE_TESTABILITY = YES;
				GCC_C_LANGUAGE_STANDARD = gnu11;
				GCC_DYNAMIC_NO_PIC = NO;
				GCC_NO_COMMON_BLOCKS = YES;
				GCC_OPTIMIZATION_LEVEL = 0;
				GCC_PREPROCESSOR_DEFINITIONS = (
					"DEBUG=1",
					"$(inherited)",
				);
				GCC_WARN_64_TO_32_BIT_CONVERSION = YES;
				GCC_WARN_ABOUT_RETURN_TYPE = YES_ERROR;
				GCC_WARN_UNDECLARED_SELECTOR = YES;
				GCC_WARN_UNINITIALIZED_AUTOS = YES_AGGRESSIVE;
				GCC_WARN_UNUSED_FUNCTION = YES;
				GCC_WARN_UNUSED_VARIABLE = YES;
				IPHONEOS_DEPLOYMENT_TARGET = 12.0;
				MTL_ENABLE_DEBUG_INFO = INCLUDE_SOURCE;
				MTL_FAST_MATH = YES;
				ONLY_ACTIVE_ARCH = YES;
				SDKROOT = iphoneos;
				SWIFT_ACTIVE_COMPILATION_CONDITIONS = DEBUG;
				SWIFT_OPTIMIZATION_LEVEL = "-Onone";
			};
			name = Debug;
		};
		6700D1DF24979D2500ED44AB /* Release */ = {
			isa = XCBuildConfiguration;
			buildSettings = {
				ALWAYS_SEARCH_USER_PATHS = NO;
				CLANG_ANALYZER_NONNULL = YES;
				CLANG_ANALYZER_NUMBER_OBJECT_CONVERSION = YES_AGGRESSIVE;
				CLANG_CXX_LANGUAGE_STANDARD = "gnu++14";
				CLANG_CXX_LIBRARY = "libc++";
				CLANG_ENABLE_MODULES = YES;
				CLANG_ENABLE_OBJC_ARC = YES;
				CLANG_ENABLE_OBJC_WEAK = YES;
				CLANG_WARN_BLOCK_CAPTURE_AUTORELEASING = YES;
				CLANG_WARN_BOOL_CONVERSION = YES;
				CLANG_WARN_COMMA = YES;
				CLANG_WARN_CONSTANT_CONVERSION = YES;
				CLANG_WARN_DEPRECATED_OBJC_IMPLEMENTATIONS = YES;
				CLANG_WARN_DIRECT_OBJC_ISA_USAGE = YES_ERROR;
				CLANG_WARN_DOCUMENTATION_COMMENTS = YES;
				CLANG_WARN_EMPTY_BODY = YES;
				CLANG_WARN_ENUM_CONVERSION = YES;
				CLANG_WARN_INFINITE_RECURSION = YES;
				CLANG_WARN_INT_CONVERSION = YES;
				CLANG_WARN_NON_LITERAL_NULL_CONVERSION = YES;
				CLANG_WARN_OBJC_IMPLICIT_RETAIN_SELF = YES;
				CLANG_WARN_OBJC_LITERAL_CONVERSION = YES;
				CLANG_WARN_OBJC_ROOT_CLASS = YES_ERROR;
				CLANG_WARN_RANGE_LOOP_ANALYSIS = YES;
				CLANG_WARN_STRICT_PROTOTYPES = YES;
				CLANG_WARN_SUSPICIOUS_MOVE = YES;
				CLANG_WARN_UNGUARDED_AVAILABILITY = YES_AGGRESSIVE;
				CLANG_WARN_UNREACHABLE_CODE = YES;
				CLANG_WARN__DUPLICATE_METHOD_MATCH = YES;
				COPY_PHASE_STRIP = NO;
				DEBUG_INFORMATION_FORMAT = "dwarf-with-dsym";
				ENABLE_NS_ASSERTIONS = NO;
				ENABLE_STRICT_OBJC_MSGSEND = YES;
				GCC_C_LANGUAGE_STANDARD = gnu11;
				GCC_NO_COMMON_BLOCKS = YES;
				GCC_WARN_64_TO_32_BIT_CONVERSION = YES;
				GCC_WARN_ABOUT_RETURN_TYPE = YES_ERROR;
				GCC_WARN_UNDECLARED_SELECTOR = YES;
				GCC_WARN_UNINITIALIZED_AUTOS = YES_AGGRESSIVE;
				GCC_WARN_UNUSED_FUNCTION = YES;
				GCC_WARN_UNUSED_VARIABLE = YES;
				IPHONEOS_DEPLOYMENT_TARGET = 12.0;
				MTL_ENABLE_DEBUG_INFO = NO;
				MTL_FAST_MATH = YES;
				SDKROOT = iphoneos;
				SWIFT_COMPILATION_MODE = wholemodule;
				SWIFT_OPTIMIZATION_LEVEL = "-O";
				VALIDATE_PRODUCT = YES;
			};
			name = Release;
		};
		6700D1E124979D2500ED44AB /* Debug */ = {
			isa = XCBuildConfiguration;
			baseConfigurationReference = 5F35043EBCF086B711823CE7 /* Pods-PORTFOLIO.debug.xcconfig */;
			buildSettings = {
				ASSETCATALOG_COMPILER_APPICON_NAME = AppIcon;
				CODE_SIGN_STYLE = Automatic;
				DEVELOPMENT_TEAM = 53347QZ87F;
				INFOPLIST_FILE = PORTFOLIO/Info.plist;
				LD_RUNPATH_SEARCH_PATHS = (
					"$(inherited)",
					"@executable_path/Frameworks",
				);
				PRIVATE_KEY_MARVEL = d364f813a80b8a2341e45e5f3b8e54c49a346e3b;
				PRODUCT_BUNDLE_IDENTIFIER = com.aalzres.portfolio.test.test;
				PRODUCT_NAME = portfolio;
				PUBLIC_KEY_MARVEL = d5aa879179ab8874716c9db4f6ab8ded;
				SERVER_API_VERSION_MARVEL = v1;
				SERVER_HOST_MARVEL = "https://gateway.marvel.com";
				SWIFT_OBJC_BRIDGING_HEADER = "PORTFOLIO/PORTFOLIO-Bridging-Header.h";
				SWIFT_VERSION = 5.0;
				TARGETED_DEVICE_FAMILY = 1;
			};
			name = Debug;
		};
		6700D1E224979D2500ED44AB /* Release */ = {
			isa = XCBuildConfiguration;
			baseConfigurationReference = 8C87BAAEEEEE0A24C4D8DB74 /* Pods-PORTFOLIO.release.xcconfig */;
			buildSettings = {
				ASSETCATALOG_COMPILER_APPICON_NAME = AppIcon;
				CODE_SIGN_STYLE = Automatic;
				DEVELOPMENT_TEAM = 53347QZ87F;
				INFOPLIST_FILE = PORTFOLIO/Info.plist;
				LD_RUNPATH_SEARCH_PATHS = (
					"$(inherited)",
					"@executable_path/Frameworks",
				);
				PRIVATE_KEY_MARVEL = d364f813a80b8a2341e45e5f3b8e54c49a346e3b;
				PRODUCT_BUNDLE_IDENTIFIER = com.aalzres.portfolio.test.test;
				PRODUCT_NAME = portfolio;
				PUBLIC_KEY_MARVEL = d5aa879179ab8874716c9db4f6ab8ded;
				SERVER_API_VERSION_MARVEL = v1;
				SERVER_HOST_MARVEL = "https://gateway.marvel.com";
				SWIFT_OBJC_BRIDGING_HEADER = "PORTFOLIO/PORTFOLIO-Bridging-Header.h";
				SWIFT_VERSION = 5.0;
				TARGETED_DEVICE_FAMILY = 1;
			};
			name = Release;
		};
/* End XCBuildConfiguration section */

/* Begin XCConfigurationList section */
		6700D1C724979D1F00ED44AB /* Build configuration list for PBXProject "PORTFOLIO" */ = {
			isa = XCConfigurationList;
			buildConfigurations = (
				6700D1DE24979D2500ED44AB /* Debug */,
				6700D1DF24979D2500ED44AB /* Release */,
			);
			defaultConfigurationIsVisible = 0;
			defaultConfigurationName = Release;
		};
		6700D1E024979D2500ED44AB /* Build configuration list for PBXNativeTarget "PORTFOLIO" */ = {
			isa = XCConfigurationList;
			buildConfigurations = (
				6700D1E124979D2500ED44AB /* Debug */,
				6700D1E224979D2500ED44AB /* Release */,
			);
			defaultConfigurationIsVisible = 0;
			defaultConfigurationName = Release;
		};
/* End XCConfigurationList section */
	};
	rootObject = 6700D1C424979D1F00ED44AB /* Project object */;
}
