// !$*UTF8*$!
{
	archiveVersion = 1;
	classes = {
	};
	objectVersion = 55;
	objects = {

/* Begin PBXBuildFile section */
		554CD3962924370B00B7FC30 /* MapView.swift in Sources */ = {isa = PBXBuildFile; fileRef = 554CD3952924370B00B7FC30 /* MapView.swift */; };
		557EB1D5277903E200328CA5 /* FinderLostApp.swift in Sources */ = {isa = PBXBuildFile; fileRef = 557EB1D4277903E200328CA5 /* FinderLostApp.swift */; };
		557EB1DE277903E400328CA5 /* Assets.xcassets in Resources */ = {isa = PBXBuildFile; fileRef = 557EB1DD277903E400328CA5 /* Assets.xcassets */; };
		557EB1E1277903E400328CA5 /* LaunchScreen.storyboard in Resources */ = {isa = PBXBuildFile; fileRef = 557EB1DF277903E400328CA5 /* LaunchScreen.storyboard */; };
		55BD498128A65FE2002A365E /* Action in Frameworks */ = {isa = PBXBuildFile; productRef = 55BD498028A65FE2002A365E /* Action */; };
		55CA2D86278391E2008989D0 /* Roboto-Medium.ttf in Resources */ = {isa = PBXBuildFile; fileRef = 55CA2D79278391E2008989D0 /* Roboto-Medium.ttf */; };
		55CA2D87278391E2008989D0 /* Roboto-Light.ttf in Resources */ = {isa = PBXBuildFile; fileRef = 55CA2D7A278391E2008989D0 /* Roboto-Light.ttf */; };
		55CA2D88278391E2008989D0 /* Roboto-Regular.ttf in Resources */ = {isa = PBXBuildFile; fileRef = 55CA2D7B278391E2008989D0 /* Roboto-Regular.ttf */; };
		55CA2D89278391E2008989D0 /* Roboto-MediumItalic.ttf in Resources */ = {isa = PBXBuildFile; fileRef = 55CA2D7C278391E2008989D0 /* Roboto-MediumItalic.ttf */; };
		55CA2D8A278391E2008989D0 /* Roboto-ThinItalic.ttf in Resources */ = {isa = PBXBuildFile; fileRef = 55CA2D7D278391E2008989D0 /* Roboto-ThinItalic.ttf */; };
		55CA2D8B278391E2008989D0 /* Roboto-BoldItalic.ttf in Resources */ = {isa = PBXBuildFile; fileRef = 55CA2D7E278391E2008989D0 /* Roboto-BoldItalic.ttf */; };
		55CA2D8C278391E2008989D0 /* Roboto-LightItalic.ttf in Resources */ = {isa = PBXBuildFile; fileRef = 55CA2D7F278391E2008989D0 /* Roboto-LightItalic.ttf */; };
		55CA2D8D278391E2008989D0 /* Roboto-Italic.ttf in Resources */ = {isa = PBXBuildFile; fileRef = 55CA2D80278391E2008989D0 /* Roboto-Italic.ttf */; };
		55CA2D8E278391E2008989D0 /* Roboto-BlackItalic.ttf in Resources */ = {isa = PBXBuildFile; fileRef = 55CA2D81278391E2008989D0 /* Roboto-BlackItalic.ttf */; };
		55CA2D8F278391E2008989D0 /* Roboto-Bold.ttf in Resources */ = {isa = PBXBuildFile; fileRef = 55CA2D82278391E2008989D0 /* Roboto-Bold.ttf */; };
		55CA2D90278391E2008989D0 /* Roboto-Thin.ttf in Resources */ = {isa = PBXBuildFile; fileRef = 55CA2D83278391E2008989D0 /* Roboto-Thin.ttf */; };
		55CA2D91278391E2008989D0 /* Roboto-Black.ttf in Resources */ = {isa = PBXBuildFile; fileRef = 55CA2D84278391E2008989D0 /* Roboto-Black.ttf */; };
		55CA2D92278391E2008989D0 /* Colors.xcassets in Resources */ = {isa = PBXBuildFile; fileRef = 55CA2D85278391E2008989D0 /* Colors.xcassets */; };
		55D6DD1129257C1400B12C47 /* UserView.swift in Sources */ = {isa = PBXBuildFile; fileRef = 55D6DD1029257C1400B12C47 /* UserView.swift */; };
		55D6DD1329257C6700B12C47 /* FinderLostTabBar.swift in Sources */ = {isa = PBXBuildFile; fileRef = 55D6DD1229257C6700B12C47 /* FinderLostTabBar.swift */; };
		55E4C95828A663DD002FA45A /* Architecture in Frameworks */ = {isa = PBXBuildFile; productRef = 55E4C95728A663DD002FA45A /* Architecture */; };
		55E4C95A28A663E0002FA45A /* CakeList in Frameworks */ = {isa = PBXBuildFile; productRef = 55E4C95928A663E0002FA45A /* CakeList */; };
		55E4C95C28A663E4002FA45A /* Data in Frameworks */ = {isa = PBXBuildFile; productRef = 55E4C95B28A663E4002FA45A /* Data */; };
		55E4C95E28A663E8002FA45A /* Domain in Frameworks */ = {isa = PBXBuildFile; productRef = 55E4C95D28A663E8002FA45A /* Domain */; };
		55E4C96028A663EB002FA45A /* DomainMock in Frameworks */ = {isa = PBXBuildFile; productRef = 55E4C95F28A663EB002FA45A /* DomainMock */; };
		55E4C96228A663F1002FA45A /* UserInterface in Frameworks */ = {isa = PBXBuildFile; productRef = 55E4C96128A663F1002FA45A /* UserInterface */; };
		55E4C96428A663F4002FA45A /* Utilities in Frameworks */ = {isa = PBXBuildFile; productRef = 55E4C96328A663F4002FA45A /* Utilities */; };
/* End PBXBuildFile section */

/* Begin PBXFileReference section */
		553815C2290C614E00EC9BD0 /* CGoogleMaps */ = {isa = PBXFileReference; lastKnownFileType = wrapper; name = CGoogleMaps; path = Packages/CGoogleMaps; sourceTree = "<group>"; };
		554CD3952924370B00B7FC30 /* MapView.swift */ = {isa = PBXFileReference; lastKnownFileType = sourcecode.swift; path = MapView.swift; sourceTree = "<group>"; };
		557EB1D1277903E200328CA5 /* FinderLost.app */ = {isa = PBXFileReference; explicitFileType = wrapper.application; includeInIndex = 0; path = FinderLost.app; sourceTree = BUILT_PRODUCTS_DIR; };
		557EB1D4277903E200328CA5 /* FinderLostApp.swift */ = {isa = PBXFileReference; lastKnownFileType = sourcecode.swift; path = FinderLostApp.swift; sourceTree = "<group>"; };
		557EB1DD277903E400328CA5 /* Assets.xcassets */ = {isa = PBXFileReference; lastKnownFileType = folder.assetcatalog; path = Assets.xcassets; sourceTree = "<group>"; };
		557EB1E0277903E400328CA5 /* Base */ = {isa = PBXFileReference; lastKnownFileType = file.storyboard; name = Base; path = Base.lproj/LaunchScreen.storyboard; sourceTree = "<group>"; };
		557EB1E2277903E400328CA5 /* Info.plist */ = {isa = PBXFileReference; lastKnownFileType = text.plist.xml; path = Info.plist; sourceTree = "<group>"; };
		55CA2D79278391E2008989D0 /* Roboto-Medium.ttf */ = {isa = PBXFileReference; lastKnownFileType = file; path = "Roboto-Medium.ttf"; sourceTree = "<group>"; };
		55CA2D7A278391E2008989D0 /* Roboto-Light.ttf */ = {isa = PBXFileReference; lastKnownFileType = file; path = "Roboto-Light.ttf"; sourceTree = "<group>"; };
		55CA2D7B278391E2008989D0 /* Roboto-Regular.ttf */ = {isa = PBXFileReference; lastKnownFileType = file; path = "Roboto-Regular.ttf"; sourceTree = "<group>"; };
		55CA2D7C278391E2008989D0 /* Roboto-MediumItalic.ttf */ = {isa = PBXFileReference; lastKnownFileType = file; path = "Roboto-MediumItalic.ttf"; sourceTree = "<group>"; };
		55CA2D7D278391E2008989D0 /* Roboto-ThinItalic.ttf */ = {isa = PBXFileReference; lastKnownFileType = file; path = "Roboto-ThinItalic.ttf"; sourceTree = "<group>"; };
		55CA2D7E278391E2008989D0 /* Roboto-BoldItalic.ttf */ = {isa = PBXFileReference; lastKnownFileType = file; path = "Roboto-BoldItalic.ttf"; sourceTree = "<group>"; };
		55CA2D7F278391E2008989D0 /* Roboto-LightItalic.ttf */ = {isa = PBXFileReference; lastKnownFileType = file; path = "Roboto-LightItalic.ttf"; sourceTree = "<group>"; };
		55CA2D80278391E2008989D0 /* Roboto-Italic.ttf */ = {isa = PBXFileReference; lastKnownFileType = file; path = "Roboto-Italic.ttf"; sourceTree = "<group>"; };
		55CA2D81278391E2008989D0 /* Roboto-BlackItalic.ttf */ = {isa = PBXFileReference; lastKnownFileType = file; path = "Roboto-BlackItalic.ttf"; sourceTree = "<group>"; };
		55CA2D82278391E2008989D0 /* Roboto-Bold.ttf */ = {isa = PBXFileReference; lastKnownFileType = file; path = "Roboto-Bold.ttf"; sourceTree = "<group>"; };
		55CA2D83278391E2008989D0 /* Roboto-Thin.ttf */ = {isa = PBXFileReference; lastKnownFileType = file; path = "Roboto-Thin.ttf"; sourceTree = "<group>"; };
		55CA2D84278391E2008989D0 /* Roboto-Black.ttf */ = {isa = PBXFileReference; lastKnownFileType = file; path = "Roboto-Black.ttf"; sourceTree = "<group>"; };
		55CA2D85278391E2008989D0 /* Colors.xcassets */ = {isa = PBXFileReference; lastKnownFileType = folder.assetcatalog; path = Colors.xcassets; sourceTree = "<group>"; };
		55D6DD1029257C1400B12C47 /* UserView.swift */ = {isa = PBXFileReference; lastKnownFileType = sourcecode.swift; path = UserView.swift; sourceTree = "<group>"; };
		55D6DD1229257C6700B12C47 /* FinderLostTabBar.swift */ = {isa = PBXFileReference; lastKnownFileType = sourcecode.swift; path = FinderLostTabBar.swift; sourceTree = "<group>"; };
		55E4C93B28A6629E002FA45A /* Statistic */ = {isa = PBXFileReference; lastKnownFileType = wrapper; name = Statistic; path = Packages/Statistic; sourceTree = "<group>"; };
		55E4C93C28A662BD002FA45A /* DomainMock */ = {isa = PBXFileReference; lastKnownFileType = wrapper; name = DomainMock; path = Packages/DomainMock; sourceTree = "<group>"; };
		55E4C93D28A662C6002FA45A /* Action */ = {isa = PBXFileReference; lastKnownFileType = wrapper; name = Action; path = Packages/Action; sourceTree = "<group>"; };
		55E4C93E28A662D9002FA45A /* Data */ = {isa = PBXFileReference; lastKnownFileType = wrapper; name = Data; path = Packages/Data; sourceTree = "<group>"; };
		55E4C93F28A662E3002FA45A /* Domain */ = {isa = PBXFileReference; lastKnownFileType = wrapper; name = Domain; path = Packages/Domain; sourceTree = "<group>"; };
		55E4C94028A662EF002FA45A /* CakeList */ = {isa = PBXFileReference; lastKnownFileType = wrapper; name = CakeList; path = Packages/CakeList; sourceTree = "<group>"; };
		55E4C94128A662F8002FA45A /* Architecture */ = {isa = PBXFileReference; lastKnownFileType = wrapper; name = Architecture; path = Packages/Architecture; sourceTree = "<group>"; };
		55E4C94228A66301002FA45A /* Utilities */ = {isa = PBXFileReference; lastKnownFileType = wrapper; name = Utilities; path = Packages/Utilities; sourceTree = "<group>"; };
		55E4C94328A6630C002FA45A /* UserInterface */ = {isa = PBXFileReference; lastKnownFileType = wrapper; name = UserInterface; path = Packages/UserInterface; sourceTree = "<group>"; };
		55E4C94428A66329002FA45A /* Action */ = {isa = PBXFileReference; lastKnownFileType = wrapper; name = Action; path = Packages/Action; sourceTree = "<group>"; };
/* End PBXFileReference section */

/* Begin PBXFrameworksBuildPhase section */
		557EB1CE277903E200328CA5 /* Frameworks */ = {
			isa = PBXFrameworksBuildPhase;
			buildActionMask = 2147483647;
			files = (
				55E4C95E28A663E8002FA45A /* Domain in Frameworks */,
				55E4C96228A663F1002FA45A /* UserInterface in Frameworks */,
				55BD498128A65FE2002A365E /* Action in Frameworks */,
				55E4C96028A663EB002FA45A /* DomainMock in Frameworks */,
				55E4C95828A663DD002FA45A /* Architecture in Frameworks */,
				55E4C96428A663F4002FA45A /* Utilities in Frameworks */,
				55E4C95C28A663E4002FA45A /* Data in Frameworks */,
				55E4C95A28A663E0002FA45A /* CakeList in Frameworks */,
			);
			runOnlyForDeploymentPostprocessing = 0;
		};
/* End PBXFrameworksBuildPhase section */

/* Begin PBXGroup section */
		557EB1C8277903E200328CA5 = {
			isa = PBXGroup;
			children = (
				55E4C93A28A6629E002FA45A /* Packages */,
				557EB1D3277903E200328CA5 /* FinderLost */,
				557EB1D2277903E200328CA5 /* Products */,
				557EB2042779046B00328CA5 /* Frameworks */,
			);
			sourceTree = "<group>";
		};
		557EB1D2277903E200328CA5 /* Products */ = {
			isa = PBXGroup;
			children = (
				557EB1D1277903E200328CA5 /* FinderLost.app */,
			);
			name = Products;
			sourceTree = "<group>";
		};
		557EB1D3277903E200328CA5 /* FinderLost */ = {
			isa = PBXGroup;
			children = (
				55CA2D72278390E0008989D0 /* Code */,
				557EB1D4277903E200328CA5 /* FinderLostApp.swift */,
				55D6DD1229257C6700B12C47 /* FinderLostTabBar.swift */,
				557EB1E2277903E400328CA5 /* Info.plist */,
				55CA2D7127838E4A008989D0 /* Resources */,
			);
			path = FinderLost;
			sourceTree = "<group>";
		};
		557EB2042779046B00328CA5 /* Frameworks */ = {
			isa = PBXGroup;
			children = (
			);
			name = Frameworks;
			sourceTree = "<group>";
		};
		55CA2D7127838E4A008989D0 /* Resources */ = {
			isa = PBXGroup;
			children = (
				55CA2D85278391E2008989D0 /* Colors.xcassets */,
				55CA2D77278391E2008989D0 /* Fonts */,
				557EB1DD277903E400328CA5 /* Assets.xcassets */,
				557EB1DF277903E400328CA5 /* LaunchScreen.storyboard */,
			);
			path = Resources;
			sourceTree = "<group>";
		};
		55CA2D72278390E0008989D0 /* Code */ = {
			isa = PBXGroup;
			children = (
				55CA2D7327839117008989D0 /* Modules */,
			);
			path = Code;
			sourceTree = "<group>";
		};
		55CA2D7327839117008989D0 /* Modules */ = {
			isa = PBXGroup;
			children = (
				554CD3952924370B00B7FC30 /* MapView.swift */,
				55D6DD1029257C1400B12C47 /* UserView.swift */,
			);
			name = Modules;
			sourceTree = "<group>";
		};
		55CA2D77278391E2008989D0 /* Fonts */ = {
			isa = PBXGroup;
			children = (
				55CA2D78278391E2008989D0 /* Roboto */,
			);
			path = Fonts;
			sourceTree = "<group>";
		};
		55CA2D78278391E2008989D0 /* Roboto */ = {
			isa = PBXGroup;
			children = (
				55CA2D79278391E2008989D0 /* Roboto-Medium.ttf */,
				55CA2D7A278391E2008989D0 /* Roboto-Light.ttf */,
				55CA2D7B278391E2008989D0 /* Roboto-Regular.ttf */,
				55CA2D7C278391E2008989D0 /* Roboto-MediumItalic.ttf */,
				55CA2D7D278391E2008989D0 /* Roboto-ThinItalic.ttf */,
				55CA2D7E278391E2008989D0 /* Roboto-BoldItalic.ttf */,
				55CA2D7F278391E2008989D0 /* Roboto-LightItalic.ttf */,
				55CA2D80278391E2008989D0 /* Roboto-Italic.ttf */,
				55CA2D81278391E2008989D0 /* Roboto-BlackItalic.ttf */,
				55CA2D82278391E2008989D0 /* Roboto-Bold.ttf */,
				55CA2D83278391E2008989D0 /* Roboto-Thin.ttf */,
				55CA2D84278391E2008989D0 /* Roboto-Black.ttf */,
			);
			path = Roboto;
			sourceTree = "<group>";
		};
		55E4C93A28A6629E002FA45A /* Packages */ = {
			isa = PBXGroup;
			children = (
				55E4C93B28A6629E002FA45A /* Statistic */,
				55E4C93C28A662BD002FA45A /* DomainMock */,
				55E4C93D28A662C6002FA45A /* Action */,
				55E4C93E28A662D9002FA45A /* Data */,
				55E4C93F28A662E3002FA45A /* Domain */,
				55E4C94028A662EF002FA45A /* CakeList */,
				55E4C94128A662F8002FA45A /* Architecture */,
				55E4C94228A66301002FA45A /* Utilities */,
				55E4C94328A6630C002FA45A /* UserInterface */,
				55E4C94428A66329002FA45A /* Action */,
				553815C2290C614E00EC9BD0 /* CGoogleMaps */,
			);
			name = Packages;
			sourceTree = "<group>";
		};
/* End PBXGroup section */

/* Begin PBXNativeTarget section */
		557EB1D0277903E200328CA5 /* FinderLost */ = {
			isa = PBXNativeTarget;
			buildConfigurationList = 557EB1FB277903E500328CA5 /* Build configuration list for PBXNativeTarget "FinderLost" */;
			buildPhases = (
				557EB1CD277903E200328CA5 /* Sources */,
				557EB1CE277903E200328CA5 /* Frameworks */,
				557EB1CF277903E200328CA5 /* Resources */,
			);
			buildRules = (
			);
			dependencies = (
			);
			name = FinderLost;
			packageProductDependencies = (
				55BD498028A65FE2002A365E /* Action */,
				55E4C95728A663DD002FA45A /* Architecture */,
				55E4C95928A663E0002FA45A /* CakeList */,
				55E4C95B28A663E4002FA45A /* Data */,
				55E4C95D28A663E8002FA45A /* Domain */,
				55E4C95F28A663EB002FA45A /* DomainMock */,
				55E4C96128A663F1002FA45A /* UserInterface */,
				55E4C96328A663F4002FA45A /* Utilities */,
			);
			productName = FinderLost;
			productReference = 557EB1D1277903E200328CA5 /* FinderLost.app */;
			productType = "com.apple.product-type.application";
		};
/* End PBXNativeTarget section */

/* Begin PBXProject section */
		557EB1C9277903E200328CA5 /* Project object */ = {
			isa = PBXProject;
			attributes = {
				BuildIndependentTargetsInParallel = 1;
				LastSwiftUpdateCheck = 1320;
				LastUpgradeCheck = 1320;
				TargetAttributes = {
					557EB1D0277903E200328CA5 = {
						CreatedOnToolsVersion = 13.2.1;
					};
				};
			};
			buildConfigurationList = 557EB1CC277903E200328CA5 /* Build configuration list for PBXProject "FinderLost" */;
			compatibilityVersion = "Xcode 13.0";
			developmentRegion = en;
			hasScannedForEncodings = 0;
			knownRegions = (
				en,
				Base,
			);
			mainGroup = 557EB1C8277903E200328CA5;
			productRefGroup = 557EB1D2277903E200328CA5 /* Products */;
			projectDirPath = "";
			projectRoot = "";
			targets = (
				557EB1D0277903E200328CA5 /* FinderLost */,
			);
		};
/* End PBXProject section */

/* Begin PBXResourcesBuildPhase section */
		557EB1CF277903E200328CA5 /* Resources */ = {
			isa = PBXResourcesBuildPhase;
			buildActionMask = 2147483647;
			files = (
				55CA2D92278391E2008989D0 /* Colors.xcassets in Resources */,
				557EB1E1277903E400328CA5 /* LaunchScreen.storyboard in Resources */,
				557EB1DE277903E400328CA5 /* Assets.xcassets in Resources */,
				55CA2D8F278391E2008989D0 /* Roboto-Bold.ttf in Resources */,
				55CA2D8B278391E2008989D0 /* Roboto-BoldItalic.ttf in Resources */,
				55CA2D88278391E2008989D0 /* Roboto-Regular.ttf in Resources */,
				55CA2D8A278391E2008989D0 /* Roboto-ThinItalic.ttf in Resources */,
				55CA2D8C278391E2008989D0 /* Roboto-LightItalic.ttf in Resources */,
				55CA2D8E278391E2008989D0 /* Roboto-BlackItalic.ttf in Resources */,
				55CA2D87278391E2008989D0 /* Roboto-Light.ttf in Resources */,
				55CA2D8D278391E2008989D0 /* Roboto-Italic.ttf in Resources */,
				55CA2D89278391E2008989D0 /* Roboto-MediumItalic.ttf in Resources */,
				55CA2D91278391E2008989D0 /* Roboto-Black.ttf in Resources */,
				55CA2D90278391E2008989D0 /* Roboto-Thin.ttf in Resources */,
				55CA2D86278391E2008989D0 /* Roboto-Medium.ttf in Resources */,
			);
			runOnlyForDeploymentPostprocessing = 0;
		};
/* End PBXResourcesBuildPhase section */

/* Begin PBXSourcesBuildPhase section */
		557EB1CD277903E200328CA5 /* Sources */ = {
			isa = PBXSourcesBuildPhase;
			buildActionMask = 2147483647;
			files = (
				554CD3962924370B00B7FC30 /* MapView.swift in Sources */,
				55D6DD1129257C1400B12C47 /* UserView.swift in Sources */,
				557EB1D5277903E200328CA5 /* FinderLostApp.swift in Sources */,
				55D6DD1329257C6700B12C47 /* FinderLostTabBar.swift in Sources */,
			);
			runOnlyForDeploymentPostprocessing = 0;
		};
/* End PBXSourcesBuildPhase section */

/* Begin PBXVariantGroup section */
		557EB1DF277903E400328CA5 /* LaunchScreen.storyboard */ = {
			isa = PBXVariantGroup;
			children = (
				557EB1E0277903E400328CA5 /* Base */,
			);
			name = LaunchScreen.storyboard;
			sourceTree = "<group>";
		};
/* End PBXVariantGroup section */

/* Begin XCBuildConfiguration section */
		557EB1F9277903E500328CA5 /* Debug */ = {
			isa = XCBuildConfiguration;
			buildSettings = {
				ALWAYS_SEARCH_USER_PATHS = NO;
				CLANG_ANALYZER_NONNULL = YES;
				CLANG_ANALYZER_NUMBER_OBJECT_CONVERSION = YES_AGGRESSIVE;
				CLANG_CXX_LANGUAGE_STANDARD = "gnu++17";
				CLANG_CXX_LIBRARY = "libc++";
				CLANG_ENABLE_MODULES = YES;
				CLANG_ENABLE_OBJC_ARC = YES;
				CLANG_ENABLE_OBJC_WEAK = YES;
				CLANG_WARN_BLOCK_CAPTURE_AUTORELEASING = YES;
				CLANG_WARN_BOOL_CONVERSION = YES;
				CLANG_WARN_COMMA = YES;
				CLANG_WARN_CONSTANT_CONVERSION = YES;
				CLANG_WARN_DEPRECATED_OBJC_IMPLEMENTATIONS = YES;
				CLANG_WARN_DIRECT_OBJC_ISA_USAGE = YES_ERROR;
				CLANG_WARN_DOCUMENTATION_COMMENTS = YES;
				CLANG_WARN_EMPTY_BODY = YES;
				CLANG_WARN_ENUM_CONVERSION = YES;
				CLANG_WARN_INFINITE_RECURSION = YES;
				CLANG_WARN_INT_CONVERSION = YES;
				CLANG_WARN_NON_LITERAL_NULL_CONVERSION = YES;
				CLANG_WARN_OBJC_IMPLICIT_RETAIN_SELF = YES;
				CLANG_WARN_OBJC_LITERAL_CONVERSION = YES;
				CLANG_WARN_OBJC_ROOT_CLASS = YES_ERROR;
				CLANG_WARN_QUOTED_INCLUDE_IN_FRAMEWORK_HEADER = YES;
				CLANG_WARN_RANGE_LOOP_ANALYSIS = YES;
				CLANG_WARN_STRICT_PROTOTYPES = YES;
				CLANG_WARN_SUSPICIOUS_MOVE = YES;
				CLANG_WARN_UNGUARDED_AVAILABILITY = YES_AGGRESSIVE;
				CLANG_WARN_UNREACHABLE_CODE = YES;
				CLANG_WARN__DUPLICATE_METHOD_MATCH = YES;
				COPY_PHASE_STRIP = NO;
				DEBUG_INFORMATION_FORMAT = dwarf;
				ENABLE_STRICT_OBJC_MSGSEND = YES;
				ENABLE_TESTABILITY = YES;
				GCC_C_LANGUAGE_STANDARD = gnu11;
				GCC_DYNAMIC_NO_PIC = NO;
				GCC_NO_COMMON_BLOCKS = YES;
				GCC_OPTIMIZATION_LEVEL = 0;
				GCC_PREPROCESSOR_DEFINITIONS = (
					"DEBUG=1",
					"$(inherited)",
				);
				GCC_WARN_64_TO_32_BIT_CONVERSION = YES;
				GCC_WARN_ABOUT_RETURN_TYPE = YES_ERROR;
				GCC_WARN_UNDECLARED_SELECTOR = YES;
				GCC_WARN_UNINITIALIZED_AUTOS = YES_AGGRESSIVE;
				GCC_WARN_UNUSED_FUNCTION = YES;
				GCC_WARN_UNUSED_VARIABLE = YES;
				IPHONEOS_DEPLOYMENT_TARGET = 12.0;
				MTL_ENABLE_DEBUG_INFO = INCLUDE_SOURCE;
				MTL_FAST_MATH = YES;
				ONLY_ACTIVE_ARCH = YES;
				SDKROOT = iphoneos;
				SWIFT_ACTIVE_COMPILATION_CONDITIONS = DEBUG;
				SWIFT_OPTIMIZATION_LEVEL = "-Onone";
			};
			name = Debug;
		};
		557EB1FA277903E500328CA5 /* Release */ = {
			isa = XCBuildConfiguration;
			buildSettings = {
				ALWAYS_SEARCH_USER_PATHS = NO;
				CLANG_ANALYZER_NONNULL = YES;
				CLANG_ANALYZER_NUMBER_OBJECT_CONVERSION = YES_AGGRESSIVE;
				CLANG_CXX_LANGUAGE_STANDARD = "gnu++17";
				CLANG_CXX_LIBRARY = "libc++";
				CLANG_ENABLE_MODULES = YES;
				CLANG_ENABLE_OBJC_ARC = YES;
				CLANG_ENABLE_OBJC_WEAK = YES;
				CLANG_WARN_BLOCK_CAPTURE_AUTORELEASING = YES;
				CLANG_WARN_BOOL_CONVERSION = YES;
				CLANG_WARN_COMMA = YES;
				CLANG_WARN_CONSTANT_CONVERSION = YES;
				CLANG_WARN_DEPRECATED_OBJC_IMPLEMENTATIONS = YES;
				CLANG_WARN_DIRECT_OBJC_ISA_USAGE = YES_ERROR;
				CLANG_WARN_DOCUMENTATION_COMMENTS = YES;
				CLANG_WARN_EMPTY_BODY = YES;
				CLANG_WARN_ENUM_CONVERSION = YES;
				CLANG_WARN_INFINITE_RECURSION = YES;
				CLANG_WARN_INT_CONVERSION = YES;
				CLANG_WARN_NON_LITERAL_NULL_CONVERSION = YES;
				CLANG_WARN_OBJC_IMPLICIT_RETAIN_SELF = YES;
				CLANG_WARN_OBJC_LITERAL_CONVERSION = YES;
				CLANG_WARN_OBJC_ROOT_CLASS = YES_ERROR;
				CLANG_WARN_QUOTED_INCLUDE_IN_FRAMEWORK_HEADER = YES;
				CLANG_WARN_RANGE_LOOP_ANALYSIS = YES;
				CLANG_WARN_STRICT_PROTOTYPES = YES;
				CLANG_WARN_SUSPICIOUS_MOVE = YES;
				CLANG_WARN_UNGUARDED_AVAILABILITY = YES_AGGRESSIVE;
				CLANG_WARN_UNREACHABLE_CODE = YES;
				CLANG_WARN__DUPLICATE_METHOD_MATCH = YES;
				COPY_PHASE_STRIP = NO;
				DEBUG_INFORMATION_FORMAT = "dwarf-with-dsym";
				ENABLE_NS_ASSERTIONS = NO;
				ENABLE_STRICT_OBJC_MSGSEND = YES;
				GCC_C_LANGUAGE_STANDARD = gnu11;
				GCC_NO_COMMON_BLOCKS = YES;
				GCC_WARN_64_TO_32_BIT_CONVERSION = YES;
				GCC_WARN_ABOUT_RETURN_TYPE = YES_ERROR;
				GCC_WARN_UNDECLARED_SELECTOR = YES;
				GCC_WARN_UNINITIALIZED_AUTOS = YES_AGGRESSIVE;
				GCC_WARN_UNUSED_FUNCTION = YES;
				GCC_WARN_UNUSED_VARIABLE = YES;
				IPHONEOS_DEPLOYMENT_TARGET = 12.0;
				MTL_ENABLE_DEBUG_INFO = NO;
				MTL_FAST_MATH = YES;
				SDKROOT = iphoneos;
				SWIFT_COMPILATION_MODE = wholemodule;
				SWIFT_OPTIMIZATION_LEVEL = "-O";
				VALIDATE_PRODUCT = YES;
			};
			name = Release;
		};
		557EB1FC277903E500328CA5 /* Debug */ = {
			isa = XCBuildConfiguration;
			buildSettings = {
				ASSETCATALOG_COMPILER_APPICON_NAME = AppIcon;
				ASSETCATALOG_COMPILER_GLOBAL_ACCENT_COLOR_NAME = AccentColor;
				CODE_SIGN_STYLE = Automatic;
				CURRENT_PROJECT_VERSION = 1;
				DEVELOPMENT_TEAM = 8V6VHUXWV2;
				GENERATE_INFOPLIST_FILE = YES;
				INFOPLIST_FILE = FinderLost/Info.plist;
				INFOPLIST_KEY_NSMainStoryboardFile = "";
				INFOPLIST_KEY_UIApplicationSupportsIndirectInputEvents = YES;
				INFOPLIST_KEY_UILaunchStoryboardName = LaunchScreen;
				INFOPLIST_KEY_UISupportedInterfaceOrientations = UIInterfaceOrientationPortrait;
				INFOPLIST_KEY_UISupportedInterfaceOrientations_iPad = "UIInterfaceOrientationLandscapeLeft UIInterfaceOrientationLandscapeRight UIInterfaceOrientationPortrait UIInterfaceOrientationPortraitUpsideDown";
				IPHONEOS_DEPLOYMENT_TARGET = 16.0;
				LD_RUNPATH_SEARCH_PATHS = (
					"$(inherited)",
					"@executable_path/Frameworks",
				);
				MARKETING_VERSION = 1.0;
				PRODUCT_BUNDLE_IDENTIFIER = com.finderlost.FinderLost;
				PRODUCT_NAME = "$(TARGET_NAME)";
				SWIFT_EMIT_LOC_STRINGS = YES;
				SWIFT_VERSION = 5.0;
				TARGETED_DEVICE_FAMILY = 1;
			};
			name = Debug;
		};
		557EB1FD277903E500328CA5 /* Release */ = {
			isa = XCBuildConfiguration;
			buildSettings = {
				ASSETCATALOG_COMPILER_APPICON_NAME = AppIcon;
				ASSETCATALOG_COMPILER_GLOBAL_ACCENT_COLOR_NAME = AccentColor;
				CODE_SIGN_STYLE = Automatic;
				CURRENT_PROJECT_VERSION = 1;
				DEVELOPMENT_TEAM = 8V6VHUXWV2;
				GENERATE_INFOPLIST_FILE = YES;
				INFOPLIST_FILE = FinderLost/Info.plist;
				INFOPLIST_KEY_NSMainStoryboardFile = "";
				INFOPLIST_KEY_UIApplicationSupportsIndirectInputEvents = YES;
				INFOPLIST_KEY_UILaunchStoryboardName = LaunchScreen;
				INFOPLIST_KEY_UISupportedInterfaceOrientations = UIInterfaceOrientationPortrait;
				INFOPLIST_KEY_UISupportedInterfaceOrientations_iPad = "UIInterfaceOrientationLandscapeLeft UIInterfaceOrientationLandscapeRight UIInterfaceOrientationPortrait UIInterfaceOrientationPortraitUpsideDown";
				IPHONEOS_DEPLOYMENT_TARGET = 16.0;
				LD_RUNPATH_SEARCH_PATHS = (
					"$(inherited)",
					"@executable_path/Frameworks",
				);
				MARKETING_VERSION = 1.0;
				PRODUCT_BUNDLE_IDENTIFIER = com.finderlost.FinderLost;
				PRODUCT_NAME = "$(TARGET_NAME)";
				SWIFT_EMIT_LOC_STRINGS = YES;
				SWIFT_VERSION = 5.0;
				TARGETED_DEVICE_FAMILY = 1;
			};
			name = Release;
		};
/* End XCBuildConfiguration section */

/* Begin XCConfigurationList section */
		557EB1CC277903E200328CA5 /* Build configuration list for PBXProject "FinderLost" */ = {
			isa = XCConfigurationList;
			buildConfigurations = (
				557EB1F9277903E500328CA5 /* Debug */,
				557EB1FA277903E500328CA5 /* Release */,
			);
			defaultConfigurationIsVisible = 0;
			defaultConfigurationName = Release;
		};
		557EB1FB277903E500328CA5 /* Build configuration list for PBXNativeTarget "FinderLost" */ = {
			isa = XCConfigurationList;
			buildConfigurations = (
				557EB1FC277903E500328CA5 /* Debug */,
				557EB1FD277903E500328CA5 /* Release */,
			);
			defaultConfigurationIsVisible = 0;
			defaultConfigurationName = Release;
		};
/* End XCConfigurationList section */

/* Begin XCSwiftPackageProductDependency section */
		55BD498028A65FE2002A365E /* Action */ = {
			isa = XCSwiftPackageProductDependency;
			productName = Action;
		};
		55E4C95728A663DD002FA45A /* Architecture */ = {
			isa = XCSwiftPackageProductDependency;
			productName = Architecture;
		};
		55E4C95928A663E0002FA45A /* CakeList */ = {
			isa = XCSwiftPackageProductDependency;
			productName = CakeList;
		};
		55E4C95B28A663E4002FA45A /* Data */ = {
			isa = XCSwiftPackageProductDependency;
			productName = Data;
		};
		55E4C95D28A663E8002FA45A /* Domain */ = {
			isa = XCSwiftPackageProductDependency;
			productName = Domain;
		};
		55E4C95F28A663EB002FA45A /* DomainMock */ = {
			isa = XCSwiftPackageProductDependency;
			productName = DomainMock;
		};
		55E4C96128A663F1002FA45A /* UserInterface */ = {
			isa = XCSwiftPackageProductDependency;
			productName = UserInterface;
		};
		55E4C96328A663F4002FA45A /* Utilities */ = {
			isa = XCSwiftPackageProductDependency;
			productName = Utilities;
		};
/* End XCSwiftPackageProductDependency section */
	};
	rootObject = 557EB1C9277903E200328CA5 /* Project object */;
}
