{
  "object": {
    "pins": [
      {
        "package": "Alamofire",
        "repositoryURL": "https://github.com/Alamofire/Alamofire.git",
        "state": {
          "branch": null,
          "revision": "8dd85aee02e39dd280c75eef88ffdb86eed4b07b",
          "version": "5.6.2"
        }
      },
      {
        "package": "CwlCatchException",
        "repositoryURL": "https://github.com/mattgallagher/CwlCatchException.git",
        "state": {
          "branch": null,
          "revision": "35f9e770f54ce62dd8526470f14c6e137cef3eea",
          "version": "2.1.1"
        }
      },
      {
        "package": "CwlPreconditionTesting",
        "repositoryURL": "https://github.com/mattgallagher/CwlPreconditionTesting.git",
        "state": {
          "branch": null,
          "revision": "c21f7bab5ca8eee0a9998bbd17ca1d0eb45d4688",
          "version": "2.1.0"
        }
      },
      {
        "package": "Nimble",
        "repositoryURL": "https://github.com/Quick/Nimble.git",
        "state": {
          "branch": null,
          "revision": "1f3bde57bde12f5e7b07909848c071e9b73d6edc",
          "version": "10.0.0"
        }
      },
      {
        "package": "Quick",
        "repositoryURL": "https://github.com/Quick/Quick.git",
        "state": {
          "branch": null,
          "revision": "f9d519828bb03dfc8125467d8f7b93131951124c",
          "version": "5.0.1"
        }
      },
      {
        "package": "RxGesture",
        "repositoryURL": "https://github.com/RxSwiftCommunity/RxGesture.git",
        "state": {
          "branch": null,
          "revision": "1b137c576b4aaaab949235752278956697c9e4a0",
          "version": "4.0.4"
        }
      },
      {
        "package": "RxSwift",
        "repositoryURL": "https://github.com/ReactiveX/RxSwift.git",
        "state": {
          "branch": null,
          "revision": "b4307ba0b6425c0ba4178e138799946c3da594f8",
          "version": "6.5.0"
        }
      },
      {
        "package": "SnapKit",
        "repositoryURL": "https://github.com/SnapKit/SnapKit.git",
        "state": {
          "branch": null,
          "revision": "f222cbdf325885926566172f6f5f06af95473158",
          "version": "5.6.0"
        }
      },
      {
        "package": "SwifterSwift",
        "repositoryURL": "git@github.com:aalzres/SwifterSwift.git",
        "state": {
          "branch": null,
          "revision": "dc813f3aa92f904a009fe543b99d5649dce7c134",
          "version": "5.2.0"
        }
      },
      {
        "package": "SwiftyJSON",
        "repositoryURL": "https://github.com/SwiftyJSON/SwiftyJSON.git",
        "state": {
          "branch": null,
          "revision": "2b6054efa051565954e1d2b9da831680026cd768",
          "version": "4.3.0"
        }
      }
    ]
  },
  "version": 1
}
